// !$*UTF8*$!
{
	archiveVersion = 1;
	classes = {
	};
	objectVersion = 56;
	objects = {

/* Begin PBXBuildFile section */
		EE50D069299CCCBC00AB2999 /* TextFieldLine + Ext.swift in Sources */ = {isa = PBXBuildFile; fileRef = EE50D068299CCCBC00AB2999 /* TextFieldLine + Ext.swift */; };
		EE8F35FC2996E75E00AE2A25 /* SynonymModel.swift in Sources */ = {isa = PBXBuildFile; fileRef = EE8F35FB2996E75E00AE2A25 /* SynonymModel.swift */; };
		EE8F35FE2996E7AD00AE2A25 /* SynonymViewModel.swift in Sources */ = {isa = PBXBuildFile; fileRef = EE8F35FD2996E7AD00AE2A25 /* SynonymViewModel.swift */; };
		EE92175B299BC53200F79499 /* ArrayFilter + Ext.swift in Sources */ = {isa = PBXBuildFile; fileRef = EE92175A299BC53200F79499 /* ArrayFilter + Ext.swift */; };
		EE92175D299BC95700F79499 /* Alert + Ext.swift in Sources */ = {isa = PBXBuildFile; fileRef = EE92175C299BC95700F79499 /* Alert + Ext.swift */; };
		EE92175F299BCBCA00F79499 /* TableViewNil + Ext.swift in Sources */ = {isa = PBXBuildFile; fileRef = EE92175E299BCBCA00F79499 /* TableViewNil + Ext.swift */; };
		EE97A5672995A7FE00280811 /* HeaderViewModel.swift in Sources */ = {isa = PBXBuildFile; fileRef = EE97A5662995A7FE00280811 /* HeaderViewModel.swift */; };
		EEA921ED299509B7006B1563 /* Optional + Ext.swift in Sources */ = {isa = PBXBuildFile; fileRef = EEA921EC299509B7006B1563 /* Optional + Ext.swift */; };
		EEC711562993811300AEC1F6 /* CustomFooterView.swift in Sources */ = {isa = PBXBuildFile; fileRef = EEC711542993811300AEC1F6 /* CustomFooterView.swift */; };
		EEC711572993811300AEC1F6 /* CustomFooterView.xib in Resources */ = {isa = PBXBuildFile; fileRef = EEC711552993811300AEC1F6 /* CustomFooterView.xib */; };
		EEC7115A2993824700AEC1F6 /* FooterCollectionViewCell.swift in Sources */ = {isa = PBXBuildFile; fileRef = EEC711582993824700AEC1F6 /* FooterCollectionViewCell.swift */; };
		EEC7115B2993824700AEC1F6 /* FooterCollectionViewCell.xib in Resources */ = {isa = PBXBuildFile; fileRef = EEC711592993824700AEC1F6 /* FooterCollectionViewCell.xib */; };
		EEC7115E2993932E00AEC1F6 /* Model.swift in Sources */ = {isa = PBXBuildFile; fileRef = EEC7115D2993932E00AEC1F6 /* Model.swift */; };
		EEC711602993935A00AEC1F6 /* Services.swift in Sources */ = {isa = PBXBuildFile; fileRef = EEC7115F2993935A00AEC1F6 /* Services.swift */; };
		EEC711622993936700AEC1F6 /* Constants.swift in Sources */ = {isa = PBXBuildFile; fileRef = EEC711612993936700AEC1F6 /* Constants.swift */; };
		EEC711642993962900AEC1F6 /* SearchDetailViewModel.swift in Sources */ = {isa = PBXBuildFile; fileRef = EEC711632993962900AEC1F6 /* SearchDetailViewModel.swift */; };
		EEC71166299396AB00AEC1F6 /* CFFloat + Ext.swift in Sources */ = {isa = PBXBuildFile; fileRef = EEC71165299396AB00AEC1F6 /* CFFloat + Ext.swift */; };
		EEF100F22992C89900BCFC45 /* AppDelegate.swift in Sources */ = {isa = PBXBuildFile; fileRef = EEF100F12992C89900BCFC45 /* AppDelegate.swift */; };
		EEF100F42992C89900BCFC45 /* SceneDelegate.swift in Sources */ = {isa = PBXBuildFile; fileRef = EEF100F32992C89900BCFC45 /* SceneDelegate.swift */; };
		EEF100F92992C89900BCFC45 /* Main.storyboard in Resources */ = {isa = PBXBuildFile; fileRef = EEF100F72992C89900BCFC45 /* Main.storyboard */; };
		EEF100FB2992C89A00BCFC45 /* Assets.xcassets in Resources */ = {isa = PBXBuildFile; fileRef = EEF100FA2992C89A00BCFC45 /* Assets.xcassets */; };
		EEF100FE2992C89A00BCFC45 /* LaunchScreen.storyboard in Resources */ = {isa = PBXBuildFile; fileRef = EEF100FC2992C89A00BCFC45 /* LaunchScreen.storyboard */; };
		EEF101112992CA4D00BCFC45 /* SearchTableViewCell.swift in Sources */ = {isa = PBXBuildFile; fileRef = EEF1010F2992CA4D00BCFC45 /* SearchTableViewCell.swift */; };
		EEF101122992CA4D00BCFC45 /* SearchTableViewCell.xib in Resources */ = {isa = PBXBuildFile; fileRef = EEF101102992CA4D00BCFC45 /* SearchTableViewCell.xib */; };
		EEF101142992CCD700BCFC45 /* SearchViewController.swift in Sources */ = {isa = PBXBuildFile; fileRef = EEF101132992CCD700BCFC45 /* SearchViewController.swift */; };
		EEF101172992D2E500BCFC45 /* SearchDetailViewController.swift in Sources */ = {isa = PBXBuildFile; fileRef = EEF101162992D2E500BCFC45 /* SearchDetailViewController.swift */; };
		EEF1011A2992D36200BCFC45 /* SearchDetailTableViewCell.swift in Sources */ = {isa = PBXBuildFile; fileRef = EEF101182992D36200BCFC45 /* SearchDetailTableViewCell.swift */; };
		EEF1011B2992D36200BCFC45 /* SearchDetailTableViewCell.xib in Resources */ = {isa = PBXBuildFile; fileRef = EEF101192992D36200BCFC45 /* SearchDetailTableViewCell.xib */; };
		EEF101222992DD1300BCFC45 /* CustomHeaderView.xib in Resources */ = {isa = PBXBuildFile; fileRef = EEF101202992DD1300BCFC45 /* CustomHeaderView.xib */; };
		EEF101242992E31B00BCFC45 /* CustomHeaderView.swift in Sources */ = {isa = PBXBuildFile; fileRef = EEF101232992E31B00BCFC45 /* CustomHeaderView.swift */; };
		EEF1012D2992E9FC00BCFC45 /* HeaderCollectionViewCell.swift in Sources */ = {isa = PBXBuildFile; fileRef = EEF1012B2992E9FC00BCFC45 /* HeaderCollectionViewCell.swift */; };
		EEF1012E2992E9FC00BCFC45 /* HeaderCollectionViewCell.xib in Resources */ = {isa = PBXBuildFile; fileRef = EEF1012C2992E9FC00BCFC45 /* HeaderCollectionViewCell.xib */; };
/* End PBXBuildFile section */

/* Begin PBXFileReference section */
		EE50D068299CCCBC00AB2999 /* TextFieldLine + Ext.swift */ = {isa = PBXFileReference; lastKnownFileType = sourcecode.swift; path = "TextFieldLine + Ext.swift"; sourceTree = "<group>"; };
		EE8F35FB2996E75E00AE2A25 /* SynonymModel.swift */ = {isa = PBXFileReference; lastKnownFileType = sourcecode.swift; path = SynonymModel.swift; sourceTree = "<group>"; };
		EE8F35FD2996E7AD00AE2A25 /* SynonymViewModel.swift */ = {isa = PBXFileReference; lastKnownFileType = sourcecode.swift; path = SynonymViewModel.swift; sourceTree = "<group>"; };
		EE92175A299BC53200F79499 /* ArrayFilter + Ext.swift */ = {isa = PBXFileReference; lastKnownFileType = sourcecode.swift; path = "ArrayFilter + Ext.swift"; sourceTree = "<group>"; };
		EE92175C299BC95700F79499 /* Alert + Ext.swift */ = {isa = PBXFileReference; lastKnownFileType = sourcecode.swift; path = "Alert + Ext.swift"; sourceTree = "<group>"; };
		EE92175E299BCBCA00F79499 /* TableViewNil + Ext.swift */ = {isa = PBXFileReference; lastKnownFileType = sourcecode.swift; path = "TableViewNil + Ext.swift"; sourceTree = "<group>"; };
		EE97A5662995A7FE00280811 /* HeaderViewModel.swift */ = {isa = PBXFileReference; lastKnownFileType = sourcecode.swift; path = HeaderViewModel.swift; sourceTree = "<group>"; };
		EEA921EC299509B7006B1563 /* Optional + Ext.swift */ = {isa = PBXFileReference; lastKnownFileType = sourcecode.swift; path = "Optional + Ext.swift"; sourceTree = "<group>"; };
		EEC711542993811300AEC1F6 /* CustomFooterView.swift */ = {isa = PBXFileReference; lastKnownFileType = sourcecode.swift; path = CustomFooterView.swift; sourceTree = "<group>"; };
		EEC711552993811300AEC1F6 /* CustomFooterView.xib */ = {isa = PBXFileReference; lastKnownFileType = file.xib; path = CustomFooterView.xib; sourceTree = "<group>"; };
		EEC711582993824700AEC1F6 /* FooterCollectionViewCell.swift */ = {isa = PBXFileReference; fileEncoding = 4; lastKnownFileType = sourcecode.swift; path = FooterCollectionViewCell.swift; sourceTree = "<group>"; };
		EEC711592993824700AEC1F6 /* FooterCollectionViewCell.xib */ = {isa = PBXFileReference; fileEncoding = 4; lastKnownFileType = file.xib; path = FooterCollectionViewCell.xib; sourceTree = "<group>"; };
		EEC7115D2993932E00AEC1F6 /* Model.swift */ = {isa = PBXFileReference; lastKnownFileType = sourcecode.swift; path = Model.swift; sourceTree = "<group>"; };
		EEC7115F2993935A00AEC1F6 /* Services.swift */ = {isa = PBXFileReference; lastKnownFileType = sourcecode.swift; path = Services.swift; sourceTree = "<group>"; };
		EEC711612993936700AEC1F6 /* Constants.swift */ = {isa = PBXFileReference; lastKnownFileType = sourcecode.swift; path = Constants.swift; sourceTree = "<group>"; };
		EEC711632993962900AEC1F6 /* SearchDetailViewModel.swift */ = {isa = PBXFileReference; lastKnownFileType = sourcecode.swift; path = SearchDetailViewModel.swift; sourceTree = "<group>"; };
		EEC71165299396AB00AEC1F6 /* CFFloat + Ext.swift */ = {isa = PBXFileReference; lastKnownFileType = sourcecode.swift; path = "CFFloat + Ext.swift"; sourceTree = "<group>"; };
		EEF100EE2992C89900BCFC45 /* Dictionary.app */ = {isa = PBXFileReference; explicitFileType = wrapper.application; includeInIndex = 0; path = Dictionary.app; sourceTree = BUILT_PRODUCTS_DIR; };
		EEF100F12992C89900BCFC45 /* AppDelegate.swift */ = {isa = PBXFileReference; lastKnownFileType = sourcecode.swift; path = AppDelegate.swift; sourceTree = "<group>"; };
		EEF100F32992C89900BCFC45 /* SceneDelegate.swift */ = {isa = PBXFileReference; lastKnownFileType = sourcecode.swift; path = SceneDelegate.swift; sourceTree = "<group>"; };
		EEF100F82992C89900BCFC45 /* Base */ = {isa = PBXFileReference; lastKnownFileType = file.storyboard; name = Base; path = Base.lproj/Main.storyboard; sourceTree = "<group>"; };
		EEF100FA2992C89A00BCFC45 /* Assets.xcassets */ = {isa = PBXFileReference; lastKnownFileType = folder.assetcatalog; path = Assets.xcassets; sourceTree = "<group>"; };
		EEF100FD2992C89A00BCFC45 /* Base */ = {isa = PBXFileReference; lastKnownFileType = file.storyboard; name = Base; path = Base.lproj/LaunchScreen.storyboard; sourceTree = "<group>"; };
		EEF100FF2992C89A00BCFC45 /* Info.plist */ = {isa = PBXFileReference; lastKnownFileType = text.plist.xml; path = Info.plist; sourceTree = "<group>"; };
		EEF1010F2992CA4D00BCFC45 /* SearchTableViewCell.swift */ = {isa = PBXFileReference; lastKnownFileType = sourcecode.swift; path = SearchTableViewCell.swift; sourceTree = "<group>"; };
		EEF101102992CA4D00BCFC45 /* SearchTableViewCell.xib */ = {isa = PBXFileReference; lastKnownFileType = file.xib; path = SearchTableViewCell.xib; sourceTree = "<group>"; };
		EEF101132992CCD700BCFC45 /* SearchViewController.swift */ = {isa = PBXFileReference; lastKnownFileType = sourcecode.swift; path = SearchViewController.swift; sourceTree = "<group>"; };
		EEF101162992D2E500BCFC45 /* SearchDetailViewController.swift */ = {isa = PBXFileReference; lastKnownFileType = sourcecode.swift; path = SearchDetailViewController.swift; sourceTree = "<group>"; };
		EEF101182992D36200BCFC45 /* SearchDetailTableViewCell.swift */ = {isa = PBXFileReference; lastKnownFileType = sourcecode.swift; path = SearchDetailTableViewCell.swift; sourceTree = "<group>"; };
		EEF101192992D36200BCFC45 /* SearchDetailTableViewCell.xib */ = {isa = PBXFileReference; lastKnownFileType = file.xib; path = SearchDetailTableViewCell.xib; sourceTree = "<group>"; };
		EEF101202992DD1300BCFC45 /* CustomHeaderView.xib */ = {isa = PBXFileReference; lastKnownFileType = file.xib; path = CustomHeaderView.xib; sourceTree = "<group>"; };
		EEF101232992E31B00BCFC45 /* CustomHeaderView.swift */ = {isa = PBXFileReference; lastKnownFileType = sourcecode.swift; path = CustomHeaderView.swift; sourceTree = "<group>"; };
		EEF1012B2992E9FC00BCFC45 /* HeaderCollectionViewCell.swift */ = {isa = PBXFileReference; lastKnownFileType = sourcecode.swift; path = HeaderCollectionViewCell.swift; sourceTree = "<group>"; };
		EEF1012C2992E9FC00BCFC45 /* HeaderCollectionViewCell.xib */ = {isa = PBXFileReference; lastKnownFileType = file.xib; path = HeaderCollectionViewCell.xib; sourceTree = "<group>"; };
/* End PBXFileReference section */

/* Begin PBXFrameworksBuildPhase section */
		EEF100EB2992C89900BCFC45 /* Frameworks */ = {
			isa = PBXFrameworksBuildPhase;
			buildActionMask = 2147483647;
			files = (
			);
			runOnlyForDeploymentPostprocessing = 0;
		};
/* End PBXFrameworksBuildPhase section */

/* Begin PBXGroup section */
		EEC7115C2993932200AEC1F6 /* Model */ = {
			isa = PBXGroup;
			children = (
				EEC7115D2993932E00AEC1F6 /* Model.swift */,
				EE8F35FB2996E75E00AE2A25 /* SynonymModel.swift */,
			);
			path = Model;
			sourceTree = "<group>";
		};
		EEF100E52992C89900BCFC45 = {
			isa = PBXGroup;
			children = (
				EEF100F02992C89900BCFC45 /* Dictionary */,
				EEF100EF2992C89900BCFC45 /* Products */,
			);
			sourceTree = "<group>";
		};
		EEF100EF2992C89900BCFC45 /* Products */ = {
			isa = PBXGroup;
			children = (
				EEF100EE2992C89900BCFC45 /* Dictionary.app */,
			);
			name = Products;
			sourceTree = "<group>";
		};
		EEF100F02992C89900BCFC45 /* Dictionary */ = {
			isa = PBXGroup;
			children = (
				EEF101092992C92500BCFC45 /* Extensions */,
				EEF101082992C90500BCFC45 /* Services */,
				EEC7115C2993932200AEC1F6 /* Model */,
				EEF101072992C8FD00BCFC45 /* ViewModel */,
				EEF101052992C8ED00BCFC45 /* Controller */,
				EEF101062992C8F600BCFC45 /* Resources */,
				EEF100F72992C89900BCFC45 /* Main.storyboard */,
				EEF100FF2992C89A00BCFC45 /* Info.plist */,
			);
			path = Dictionary;
			sourceTree = "<group>";
		};
		EEF101052992C8ED00BCFC45 /* Controller */ = {
			isa = PBXGroup;
			children = (
				EEF1010A2992CA2000BCFC45 /* SearchViewController */,
				EEF101152992D2C000BCFC45 /* SearchDetailViewController */,
			);
			path = Controller;
			sourceTree = "<group>";
		};
		EEF101062992C8F600BCFC45 /* Resources */ = {
			isa = PBXGroup;
			children = (
				EEF100F12992C89900BCFC45 /* AppDelegate.swift */,
				EEF100F32992C89900BCFC45 /* SceneDelegate.swift */,
				EEF100FC2992C89A00BCFC45 /* LaunchScreen.storyboard */,
				EEF100FA2992C89A00BCFC45 /* Assets.xcassets */,
			);
			path = Resources;
			sourceTree = "<group>";
		};
		EEF101072992C8FD00BCFC45 /* ViewModel */ = {
			isa = PBXGroup;
			children = (
				EEC711632993962900AEC1F6 /* SearchDetailViewModel.swift */,
				EE97A5662995A7FE00280811 /* HeaderViewModel.swift */,
				EE8F35FD2996E7AD00AE2A25 /* SynonymViewModel.swift */,
			);
			path = ViewModel;
			sourceTree = "<group>";
		};
		EEF101082992C90500BCFC45 /* Services */ = {
			isa = PBXGroup;
			children = (
				EEC7115F2993935A00AEC1F6 /* Services.swift */,
				EEC711612993936700AEC1F6 /* Constants.swift */,
			);
			path = Services;
			sourceTree = "<group>";
		};
		EEF101092992C92500BCFC45 /* Extensions */ = {
			isa = PBXGroup;
			children = (
				EEC71165299396AB00AEC1F6 /* CFFloat + Ext.swift */,
				EEA921EC299509B7006B1563 /* Optional + Ext.swift */,
				EE92175A299BC53200F79499 /* ArrayFilter + Ext.swift */,
				EE92175C299BC95700F79499 /* Alert + Ext.swift */,
				EE92175E299BCBCA00F79499 /* TableViewNil + Ext.swift */,
				EE50D068299CCCBC00AB2999 /* TextFieldLine + Ext.swift */,
			);
			path = Extensions;
			sourceTree = "<group>";
		};
		EEF1010A2992CA2000BCFC45 /* SearchViewController */ = {
			isa = PBXGroup;
			children = (
				EEF101132992CCD700BCFC45 /* SearchViewController.swift */,
				EEF1010F2992CA4D00BCFC45 /* SearchTableViewCell.swift */,
				EEF101102992CA4D00BCFC45 /* SearchTableViewCell.xib */,
			);
			path = SearchViewController;
			sourceTree = "<group>";
		};
		EEF101152992D2C000BCFC45 /* SearchDetailViewController */ = {
			isa = PBXGroup;
			children = (
				EEF101162992D2E500BCFC45 /* SearchDetailViewController.swift */,
				EEF1011C2992DCDC00BCFC45 /* Header */,
				EEF1011D2992DCE500BCFC45 /* Center */,
				EEF1011E2992DCE900BCFC45 /* Footer */,
			);
			path = SearchDetailViewController;
			sourceTree = "<group>";
		};
		EEF1011C2992DCDC00BCFC45 /* Header */ = {
			isa = PBXGroup;
			children = (
				EEF101202992DD1300BCFC45 /* CustomHeaderView.xib */,
				EEF101232992E31B00BCFC45 /* CustomHeaderView.swift */,
				EEF1012B2992E9FC00BCFC45 /* HeaderCollectionViewCell.swift */,
				EEF1012C2992E9FC00BCFC45 /* HeaderCollectionViewCell.xib */,
			);
			path = Header;
			sourceTree = "<group>";
		};
		EEF1011D2992DCE500BCFC45 /* Center */ = {
			isa = PBXGroup;
			children = (
				EEF101182992D36200BCFC45 /* SearchDetailTableViewCell.swift */,
				EEF101192992D36200BCFC45 /* SearchDetailTableViewCell.xib */,
			);
			path = Center;
			sourceTree = "<group>";
		};
		EEF1011E2992DCE900BCFC45 /* Footer */ = {
			isa = PBXGroup;
			children = (
				EEC711552993811300AEC1F6 /* CustomFooterView.xib */,
				EEC711542993811300AEC1F6 /* CustomFooterView.swift */,
				EEC711582993824700AEC1F6 /* FooterCollectionViewCell.swift */,
				EEC711592993824700AEC1F6 /* FooterCollectionViewCell.xib */,
			);
			path = Footer;
			sourceTree = "<group>";
		};
/* End PBXGroup section */

/* Begin PBXNativeTarget section */
		EEF100ED2992C89900BCFC45 /* Dictionary */ = {
			isa = PBXNativeTarget;
			buildConfigurationList = EEF101022992C89A00BCFC45 /* Build configuration list for PBXNativeTarget "Dictionary" */;
			buildPhases = (
				EEF100EA2992C89900BCFC45 /* Sources */,
				EEF100EB2992C89900BCFC45 /* Frameworks */,
				EEF100EC2992C89900BCFC45 /* Resources */,
			);
			buildRules = (
			);
			dependencies = (
			);
			name = Dictionary;
			productName = Dictionary;
			productReference = EEF100EE2992C89900BCFC45 /* Dictionary.app */;
			productType = "com.apple.product-type.application";
		};
/* End PBXNativeTarget section */

/* Begin PBXProject section */
		EEF100E62992C89900BCFC45 /* Project object */ = {
			isa = PBXProject;
			attributes = {
				BuildIndependentTargetsInParallel = 1;
				LastSwiftUpdateCheck = 1410;
				LastUpgradeCheck = 1410;
				TargetAttributes = {
					EEF100ED2992C89900BCFC45 = {
						CreatedOnToolsVersion = 14.1;
					};
				};
			};
			buildConfigurationList = EEF100E92992C89900BCFC45 /* Build configuration list for PBXProject "Dictionary" */;
			compatibilityVersion = "Xcode 14.0";
			developmentRegion = en;
			hasScannedForEncodings = 0;
			knownRegions = (
				en,
				Base,
			);
			mainGroup = EEF100E52992C89900BCFC45;
			productRefGroup = EEF100EF2992C89900BCFC45 /* Products */;
			projectDirPath = "";
			projectRoot = "";
			targets = (
				EEF100ED2992C89900BCFC45 /* Dictionary */,
			);
		};
/* End PBXProject section */

/* Begin PBXResourcesBuildPhase section */
		EEF100EC2992C89900BCFC45 /* Resources */ = {
			isa = PBXResourcesBuildPhase;
			buildActionMask = 2147483647;
			files = (
				EEF100FE2992C89A00BCFC45 /* LaunchScreen.storyboard in Resources */,
				EEF101122992CA4D00BCFC45 /* SearchTableViewCell.xib in Resources */,
				EEF1011B2992D36200BCFC45 /* SearchDetailTableViewCell.xib in Resources */,
				EEF100FB2992C89A00BCFC45 /* Assets.xcassets in Resources */,
				EEF1012E2992E9FC00BCFC45 /* HeaderCollectionViewCell.xib in Resources */,
				EEF101222992DD1300BCFC45 /* CustomHeaderView.xib in Resources */,
				EEC7115B2993824700AEC1F6 /* FooterCollectionViewCell.xib in Resources */,
				EEC711572993811300AEC1F6 /* CustomFooterView.xib in Resources */,
				EEF100F92992C89900BCFC45 /* Main.storyboard in Resources */,
			);
			runOnlyForDeploymentPostprocessing = 0;
		};
/* End PBXResourcesBuildPhase section */

/* Begin PBXSourcesBuildPhase section */
		EEF100EA2992C89900BCFC45 /* Sources */ = {
			isa = PBXSourcesBuildPhase;
			buildActionMask = 2147483647;
			files = (
				EEF101242992E31B00BCFC45 /* CustomHeaderView.swift in Sources */,
				EE92175D299BC95700F79499 /* Alert + Ext.swift in Sources */,
				EE50D069299CCCBC00AB2999 /* TextFieldLine + Ext.swift in Sources */,
				EEA921ED299509B7006B1563 /* Optional + Ext.swift in Sources */,
				EEC711602993935A00AEC1F6 /* Services.swift in Sources */,
				EEF1012D2992E9FC00BCFC45 /* HeaderCollectionViewCell.swift in Sources */,
				EEC71166299396AB00AEC1F6 /* CFFloat + Ext.swift in Sources */,
				EEF101112992CA4D00BCFC45 /* SearchTableViewCell.swift in Sources */,
				EEF101172992D2E500BCFC45 /* SearchDetailViewController.swift in Sources */,
				EE8F35FC2996E75E00AE2A25 /* SynonymModel.swift in Sources */,
				EE8F35FE2996E7AD00AE2A25 /* SynonymViewModel.swift in Sources */,
				EEC7115E2993932E00AEC1F6 /* Model.swift in Sources */,
				EEF100F22992C89900BCFC45 /* AppDelegate.swift in Sources */,
				EE92175B299BC53200F79499 /* ArrayFilter + Ext.swift in Sources */,
				EEC711622993936700AEC1F6 /* Constants.swift in Sources */,
				EEF101142992CCD700BCFC45 /* SearchViewController.swift in Sources */,
				EEC711642993962900AEC1F6 /* SearchDetailViewModel.swift in Sources */,
				EEF1011A2992D36200BCFC45 /* SearchDetailTableViewCell.swift in Sources */,
				EEC711562993811300AEC1F6 /* CustomFooterView.swift in Sources */,
				EEC7115A2993824700AEC1F6 /* FooterCollectionViewCell.swift in Sources */,
				EE92175F299BCBCA00F79499 /* TableViewNil + Ext.swift in Sources */,
				EEF100F42992C89900BCFC45 /* SceneDelegate.swift in Sources */,
				EE97A5672995A7FE00280811 /* HeaderViewModel.swift in Sources */,
			);
			runOnlyForDeploymentPostprocessing = 0;
		};
/* End PBXSourcesBuildPhase section */

/* Begin PBXVariantGroup section */
		EEF100F72992C89900BCFC45 /* Main.storyboard */ = {
			isa = PBXVariantGroup;
			children = (
				EEF100F82992C89900BCFC45 /* Base */,
			);
			name = Main.storyboard;
			sourceTree = "<group>";
		};
		EEF100FC2992C89A00BCFC45 /* LaunchScreen.storyboard */ = {
			isa = PBXVariantGroup;
			children = (
				EEF100FD2992C89A00BCFC45 /* Base */,
			);
			name = LaunchScreen.storyboard;
			sourceTree = "<group>";
		};
/* End PBXVariantGroup section */

/* Begin XCBuildConfiguration section */
		EEF101002992C89A00BCFC45 /* Debug */ = {
			isa = XCBuildConfiguration;
			buildSettings = {
				ALWAYS_SEARCH_USER_PATHS = NO;
				CLANG_ANALYZER_NONNULL = YES;
				CLANG_ANALYZER_NUMBER_OBJECT_CONVERSION = YES_AGGRESSIVE;
				CLANG_CXX_LANGUAGE_STANDARD = "gnu++20";
				CLANG_ENABLE_MODULES = YES;
				CLANG_ENABLE_OBJC_ARC = YES;
				CLANG_ENABLE_OBJC_WEAK = YES;
				CLANG_WARN_BLOCK_CAPTURE_AUTORELEASING = YES;
				CLANG_WARN_BOOL_CONVERSION = YES;
				CLANG_WARN_COMMA = YES;
				CLANG_WARN_CONSTANT_CONVERSION = YES;
				CLANG_WARN_DEPRECATED_OBJC_IMPLEMENTATIONS = YES;
				CLANG_WARN_DIRECT_OBJC_ISA_USAGE = YES_ERROR;
				CLANG_WARN_DOCUMENTATION_COMMENTS = YES;
				CLANG_WARN_EMPTY_BODY = YES;
				CLANG_WARN_ENUM_CONVERSION = YES;
				CLANG_WARN_INFINITE_RECURSION = YES;
				CLANG_WARN_INT_CONVERSION = YES;
				CLANG_WARN_NON_LITERAL_NULL_CONVERSION = YES;
				CLANG_WARN_OBJC_IMPLICIT_RETAIN_SELF = YES;
				CLANG_WARN_OBJC_LITERAL_CONVERSION = YES;
				CLANG_WARN_OBJC_ROOT_CLASS = YES_ERROR;
				CLANG_WARN_QUOTED_INCLUDE_IN_FRAMEWORK_HEADER = YES;
				CLANG_WARN_RANGE_LOOP_ANALYSIS = YES;
				CLANG_WARN_STRICT_PROTOTYPES = YES;
				CLANG_WARN_SUSPICIOUS_MOVE = YES;
				CLANG_WARN_UNGUARDED_AVAILABILITY = YES_AGGRESSIVE;
				CLANG_WARN_UNREACHABLE_CODE = YES;
				CLANG_WARN__DUPLICATE_METHOD_MATCH = YES;
				COPY_PHASE_STRIP = NO;
				DEBUG_INFORMATION_FORMAT = dwarf;
				ENABLE_STRICT_OBJC_MSGSEND = YES;
				ENABLE_TESTABILITY = YES;
				GCC_C_LANGUAGE_STANDARD = gnu11;
				GCC_DYNAMIC_NO_PIC = NO;
				GCC_NO_COMMON_BLOCKS = YES;
				GCC_OPTIMIZATION_LEVEL = 0;
				GCC_PREPROCESSOR_DEFINITIONS = (
					"DEBUG=1",
					"$(inherited)",
				);
				GCC_WARN_64_TO_32_BIT_CONVERSION = YES;
				GCC_WARN_ABOUT_RETURN_TYPE = YES_ERROR;
				GCC_WARN_UNDECLARED_SELECTOR = YES;
				GCC_WARN_UNINITIALIZED_AUTOS = YES_AGGRESSIVE;
				GCC_WARN_UNUSED_FUNCTION = YES;
				GCC_WARN_UNUSED_VARIABLE = YES;
				IPHONEOS_DEPLOYMENT_TARGET = 16.1;
				MTL_ENABLE_DEBUG_INFO = INCLUDE_SOURCE;
				MTL_FAST_MATH = YES;
				ONLY_ACTIVE_ARCH = YES;
				SDKROOT = iphoneos;
				SWIFT_ACTIVE_COMPILATION_CONDITIONS = DEBUG;
				SWIFT_OPTIMIZATION_LEVEL = "-Onone";
			};
			name = Debug;
		};
		EEF101012992C89A00BCFC45 /* Release */ = {
			isa = XCBuildConfiguration;
			buildSettings = {
				ALWAYS_SEARCH_USER_PATHS = NO;
				CLANG_ANALYZER_NONNULL = YES;
				CLANG_ANALYZER_NUMBER_OBJECT_CONVERSION = YES_AGGRESSIVE;
				CLANG_CXX_LANGUAGE_STANDARD = "gnu++20";
				CLANG_ENABLE_MODULES = YES;
				CLANG_ENABLE_OBJC_ARC = YES;
				CLANG_ENABLE_OBJC_WEAK = YES;
				CLANG_WARN_BLOCK_CAPTURE_AUTORELEASING = YES;
				CLANG_WARN_BOOL_CONVERSION = YES;
				CLANG_WARN_COMMA = YES;
				CLANG_WARN_CONSTANT_CONVERSION = YES;
				CLANG_WARN_DEPRECATED_OBJC_IMPLEMENTATIONS = YES;
				CLANG_WARN_DIRECT_OBJC_ISA_USAGE = YES_ERROR;
				CLANG_WARN_DOCUMENTATION_COMMENTS = YES;
				CLANG_WARN_EMPTY_BODY = YES;
				CLANG_WARN_ENUM_CONVERSION = YES;
				CLANG_WARN_INFINITE_RECURSION = YES;
				CLANG_WARN_INT_CONVERSION = YES;
				CLANG_WARN_NON_LITERAL_NULL_CONVERSION = YES;
				CLANG_WARN_OBJC_IMPLICIT_RETAIN_SELF = YES;
				CLANG_WARN_OBJC_LITERAL_CONVERSION = YES;
				CLANG_WARN_OBJC_ROOT_CLASS = YES_ERROR;
				CLANG_WARN_QUOTED_INCLUDE_IN_FRAMEWORK_HEADER = YES;
				CLANG_WARN_RANGE_LOOP_ANALYSIS = YES;
				CLANG_WARN_STRICT_PROTOTYPES = YES;
				CLANG_WARN_SUSPICIOUS_MOVE = YES;
				CLANG_WARN_UNGUARDED_AVAILABILITY = YES_AGGRESSIVE;
				CLANG_WARN_UNREACHABLE_CODE = YES;
				CLANG_WARN__DUPLICATE_METHOD_MATCH = YES;
				COPY_PHASE_STRIP = NO;
				DEBUG_INFORMATION_FORMAT = "dwarf-with-dsym";
				ENABLE_NS_ASSERTIONS = NO;
				ENABLE_STRICT_OBJC_MSGSEND = YES;
				GCC_C_LANGUAGE_STANDARD = gnu11;
				GCC_NO_COMMON_BLOCKS = YES;
				GCC_WARN_64_TO_32_BIT_CONVERSION = YES;
				GCC_WARN_ABOUT_RETURN_TYPE = YES_ERROR;
				GCC_WARN_UNDECLARED_SELECTOR = YES;
				GCC_WARN_UNINITIALIZED_AUTOS = YES_AGGRESSIVE;
				GCC_WARN_UNUSED_FUNCTION = YES;
				GCC_WARN_UNUSED_VARIABLE = YES;
				IPHONEOS_DEPLOYMENT_TARGET = 16.1;
				MTL_ENABLE_DEBUG_INFO = NO;
				MTL_FAST_MATH = YES;
				SDKROOT = iphoneos;
				SWIFT_COMPILATION_MODE = wholemodule;
				SWIFT_OPTIMIZATION_LEVEL = "-O";
				VALIDATE_PRODUCT = YES;
			};
			name = Release;
		};
		EEF101032992C89A00BCFC45 /* Debug */ = {
			isa = XCBuildConfiguration;
			buildSettings = {
				ASSETCATALOG_COMPILER_APPICON_NAME = AppIcon;
				ASSETCATALOG_COMPILER_GLOBAL_ACCENT_COLOR_NAME = AccentColor;
				CODE_SIGN_STYLE = Automatic;
				CURRENT_PROJECT_VERSION = 1;
				DEVELOPMENT_TEAM = 74UL9K89V5;
				GENERATE_INFOPLIST_FILE = YES;
				INFOPLIST_FILE = Dictionary/Info.plist;
				INFOPLIST_KEY_UIApplicationSupportsIndirectInputEvents = YES;
				INFOPLIST_KEY_UILaunchStoryboardName = LaunchScreen;
				INFOPLIST_KEY_UIMainStoryboardFile = Main;
				INFOPLIST_KEY_UISupportedInterfaceOrientations_iPad = "UIInterfaceOrientationPortrait UIInterfaceOrientationPortraitUpsideDown UIInterfaceOrientationLandscapeLeft UIInterfaceOrientationLandscapeRight";
				INFOPLIST_KEY_UISupportedInterfaceOrientations_iPhone = "UIInterfaceOrientationPortrait UIInterfaceOrientationLandscapeLeft UIInterfaceOrientationLandscapeRight";
				LD_RUNPATH_SEARCH_PATHS = (
					"$(inherited)",
					"@executable_path/Frameworks",
				);
				MARKETING_VERSION = 1.0;
				PRODUCT_BUNDLE_IDENTIFIER = com.anilavci.Dictionary;
				PRODUCT_NAME = "$(TARGET_NAME)";
				SWIFT_EMIT_LOC_STRINGS = YES;
				SWIFT_VERSION = 5.0;
				TARGETED_DEVICE_FAMILY = "1,2";
			};
			name = Debug;
		};
		EEF101042992C89A00BCFC45 /* Release */ = {
			isa = XCBuildConfiguration;
			buildSettings = {
				ASSETCATALOG_COMPILER_APPICON_NAME = AppIcon;
				ASSETCATALOG_COMPILER_GLOBAL_ACCENT_COLOR_NAME = AccentColor;
				CODE_SIGN_STYLE = Automatic;
				CURRENT_PROJECT_VERSION = 1;
				DEVELOPMENT_TEAM = 74UL9K89V5;
				GENERATE_INFOPLIST_FILE = YES;
				INFOPLIST_FILE = Dictionary/Info.plist;
				INFOPLIST_KEY_UIApplicationSupportsIndirectInputEvents = YES;
				INFOPLIST_KEY_UILaunchStoryboardName = LaunchScreen;
				INFOPLIST_KEY_UIMainStoryboardFile = Main;
				INFOPLIST_KEY_UISupportedInterfaceOrientations_iPad = "UIInterfaceOrientationPortrait UIInterfaceOrientationPortraitUpsideDown UIInterfaceOrientationLandscapeLeft UIInterfaceOrientationLandscapeRight";
				INFOPLIST_KEY_UISupportedInterfaceOrientations_iPhone = "UIInterfaceOrientationPortrait UIInterfaceOrientationLandscapeLeft UIInterfaceOrientationLandscapeRight";
				LD_RUNPATH_SEARCH_PATHS = (
					"$(inherited)",
					"@executable_path/Frameworks",
				);
				MARKETING_VERSION = 1.0;
				PRODUCT_BUNDLE_IDENTIFIER = com.anilavci.Dictionary;
				PRODUCT_NAME = "$(TARGET_NAME)";
				SWIFT_EMIT_LOC_STRINGS = YES;
				SWIFT_VERSION = 5.0;
				TARGETED_DEVICE_FAMILY = "1,2";
			};
			name = Release;
		};
/* End XCBuildConfiguration section */

/* Begin XCConfigurationList section */
		EEF100E92992C89900BCFC45 /* Build configuration list for PBXProject "Dictionary" */ = {
			isa = XCConfigurationList;
			buildConfigurations = (
				EEF101002992C89A00BCFC45 /* Debug */,
				EEF101012992C89A00BCFC45 /* Release */,
			);
			defaultConfigurationIsVisible = 0;
			defaultConfigurationName = Release;
		};
		EEF101022992C89A00BCFC45 /* Build configuration list for PBXNativeTarget "Dictionary" */ = {
			isa = XCConfigurationList;
			buildConfigurations = (
				EEF101032992C89A00BCFC45 /* Debug */,
				EEF101042992C89A00BCFC45 /* Release */,
			);
			defaultConfigurationIsVisible = 0;
			defaultConfigurationName = Release;
		};
/* End XCConfigurationList section */
	};
	rootObject = EEF100E62992C89900BCFC45 /* Project object */;
}
